
Microsoft Visual Studio Solution File, Format Version 12.00
# Visual Studio Version 16
VisualStudioVersion = 16.0.31424.327
MinimumVisualStudioVersion = 10.0.40219.1
Project("{9A19103F-16F7-4668-BE54-9A1E7A4F7556}") = "CashAdvancePortal", "CashAdvancePortal\CashAdvancePortal.csproj", "{74478C40-A01F-4CF8-849B-33560B59D3C6}"
EndProject
Project("{FAE04EC0-301F-11D3-BF4B-00C04F79EFBC}") = "CashAdvancePortal.Data", "CashAdvancePortal.Data\CashAdvancePortal.Data.csproj", "{6EB5A412-D886-4537-8DC0-E566F2522573}"
EndProject
Project("{FAE04EC0-301F-11D3-BF4B-00C04F79EFBC}") = "CashAdvancePortal.Repo", "CashAdvancePortal.Repo\CashAdvancePortal.Repo.csproj", "{72AB942F-23C1-408D-9C67-59BF00DE6717}"
EndProject
Project("{FAE04EC0-301F-11D3-BF4B-00C04F79EFBC}") = "CashAdvancePortal.ApplicationServices", "CashAdvancePortal.ApplicationServices\CashAdvancePortal.ApplicationServices.csproj", "{0681E190-AB82-4EC9-9EA2-FD8D1E6E8F1E}"
EndProject
Global
	GlobalSection(SolutionConfigurationPlatforms) = preSolution
		Debug|Any CPU = Debug|Any CPU
		Release|Any CPU = Release|Any CPU
	EndGlobalSection
	GlobalSection(ProjectConfigurationPlatforms) = postSolution
		{74478C40-A01F-4CF8-849B-33560B59D3C6}.Debug|Any CPU.ActiveCfg = Debug|Any CPU
		{74478C40-A01F-4CF8-849B-33560B59D3C6}.Debug|Any CPU.Build.0 = Debug|Any CPU
		{74478C40-A01F-4CF8-849B-33560B59D3C6}.Release|Any CPU.ActiveCfg = Release|Any CPU
		{74478C40-A01F-4CF8-849B-33560B59D3C6}.Release|Any CPU.Build.0 = Release|Any CPU
		{6EB5A412-D886-4537-8DC0-E566F2522573}.Debug|Any CPU.ActiveCfg = Debug|Any CPU
		{6EB5A412-D886-4537-8DC0-E566F2522573}.Debug|Any CPU.Build.0 = Debug|Any CPU
		{6EB5A412-D886-4537-8DC0-E566F2522573}.Release|Any CPU.ActiveCfg = Release|Any CPU
		{6EB5A412-D886-4537-8DC0-E566F2522573}.Release|Any CPU.Build.0 = Release|Any CPU
		{72AB942F-23C1-408D-9C67-59BF00DE6717}.Debug|Any CPU.ActiveCfg = Debug|Any CPU
		{72AB942F-23C1-408D-9C67-59BF00DE6717}.Debug|Any CPU.Build.0 = Debug|Any CPU
		{72AB942F-23C1-408D-9C67-59BF00DE6717}.Release|Any CPU.ActiveCfg = Release|Any CPU
		{72AB942F-23C1-408D-9C67-59BF00DE6717}.Release|Any CPU.Build.0 = Release|Any CPU
		{0681E190-AB82-4EC9-9EA2-FD8D1E6E8F1E}.Debug|Any CPU.ActiveCfg = Debug|Any CPU
		{0681E190-AB82-4EC9-9EA2-FD8D1E6E8F1E}.Debug|Any CPU.Build.0 = Debug|Any CPU
		{0681E190-AB82-4EC9-9EA2-FD8D1E6E8F1E}.Release|Any CPU.ActiveCfg = Release|Any CPU
		{0681E190-AB82-4EC9-9EA2-FD8D1E6E8F1E}.Release|Any CPU.Build.0 = Release|Any CPU
	EndGlobalSection
	GlobalSection(SolutionProperties) = preSolution
		HideSolutionNode = FALSE
	EndGlobalSection
	GlobalSection(ExtensibilityGlobals) = postSolution
		SolutionGuid = {5516D9B5-6F97-4057-A54B-4395B60AEB60}
	EndGlobalSection
EndGlobal
